
Microsoft Visual Studio Solution File, Format Version 12.00
# Visual Studio 15
VisualStudioVersion = 15.0.26730.3
MinimumVisualStudioVersion = 10.0.40219.1
Project("{FAE04EC0-301F-11D3-BF4B-00C04F79EFBC}") = "Desafio2", "Desafio2.csproj", "{F2C68A0E-4216-4F70-9C48-88813A767E0B}"
EndProject
Global
	GlobalSection(SolutionConfigurationPlatforms) = preSolution
		Debug|Any CPU = Debug|Any CPU
		Release|Any CPU = Release|Any CPU
	EndGlobalSection
	GlobalSection(ProjectConfigurationPlatforms) = postSolution
		{F2C68A0E-4216-4F70-9C48-88813A767E0B}.Debug|Any CPU.ActiveCfg = Debug|Any CPU
		{F2C68A0E-4216-4F70-9C48-88813A767E0B}.Debug|Any CPU.Build.0 = Debug|Any CPU
		{F2C68A0E-4216-4F70-9C48-88813A767E0B}.Release|Any CPU.ActiveCfg = Release|Any CPU
		{F2C68A0E-4216-4F70-9C48-88813A767E0B}.Release|Any CPU.Build.0 = Release|Any CPU
	EndGlobalSection
	GlobalSection(SolutionProperties) = preSolution
		HideSolutionNode = FALSE
	EndGlobalSection
	GlobalSection(ExtensibilityGlobals) = postSolution
		SolutionGuid = {DFAB089E-0D4A-4DDE-9B44-D48C9BC0BEC3}
	EndGlobalSection
EndGlobal
